{
  "version": 4,
  "terraform_version": "1.11.4",
  "serial": 31,
  "lineage": "2c5a5ec2-5130-c50a-d808-8f86aa09cf1d",
  "outputs": {
    "flask_subnet_id": {
      "value": "/subscriptions/c77c1ca7-0511-497c-84bd-2b785c7a7225/resourceGroups/analyser_rg/providers/Microsoft.Network/virtualNetworks/analyser_vnet/subnets/flask_subnet",
      "type": "string"
    },
    "flask_vm_public_ip": {
      "value": "20.232.137.69",
      "type": "string"
    },
    "node_subnet_id": {
      "value": "/subscriptions/c77c1ca7-0511-497c-84bd-2b785c7a7225/resourceGroups/analyser_rg/providers/Microsoft.Network/virtualNetworks/analyser_vnet/subnets/node_subnet",
      "type": "string"
    },
    "node_vm_public_ip": {
      "value": "52.149.151.150",
      "type": "string"
    },
    "vnet_id": {
      "value": "/subscriptions/c77c1ca7-0511-497c-84bd-2b785c7a7225/resourceGroups/analyser_rg/providers/Microsoft.Network/virtualNetworks/analyser_vnet",
      "type": "string"
    }
  },
  "resources": [
    {
      "mode": "managed",
      "type": "azurerm_network_interface",
      "name": "flask_nic",
      "provider": "provider[\"registry.terraform.io/hashicorp/azurerm\"]",
      "instances": [
        {
          "schema_version": 0,
          "attributes": {
            "accelerated_networking_enabled": false,
            "applied_dns_servers": [],
            "auxiliary_mode": "",
            "auxiliary_sku": "",
            "dns_servers": [],
            "edge_zone": "",
            "id": "/subscriptions/c77c1ca7-0511-497c-84bd-2b785c7a7225/resourceGroups/analyser_rg/providers/Microsoft.Network/networkInterfaces/flask-nic",
            "internal_dns_name_label": "",
            "internal_domain_name_suffix": "4bj0eaoiqrtuzpnf3ceic5c5ka.bx.internal.cloudapp.net",
            "ip_configuration": [
              {
                "gateway_load_balancer_frontend_ip_configuration_id": "",
                "name": "internal",
                "primary": true,
                "private_ip_address": "10.0.2.4",
                "private_ip_address_allocation": "Dynamic",
                "private_ip_address_version": "IPv4",
                "public_ip_address_id": "/subscriptions/c77c1ca7-0511-497c-84bd-2b785c7a7225/resourceGroups/analyser_rg/providers/Microsoft.Network/publicIPAddresses/flask-public-ip",
                "subnet_id": "/subscriptions/c77c1ca7-0511-497c-84bd-2b785c7a7225/resourceGroups/analyser_rg/providers/Microsoft.Network/virtualNetworks/analyser_vnet/subnets/flask_subnet"
              }
            ],
            "ip_forwarding_enabled": false,
            "location": "eastus",
            "mac_address": "",
            "name": "flask-nic",
            "private_ip_address": "10.0.2.4",
            "private_ip_addresses": [
              "10.0.2.4"
            ],
            "resource_group_name": "analyser_rg",
            "tags": {},
            "timeouts": null,
            "virtual_machine_id": ""
          },
          "sensitive_attributes": [],
          "private": "eyJlMmJmYjczMC1lY2FhLTExZTYtOGY4OC0zNDM2M2JjN2M0YzAiOnsiY3JlYXRlIjoxODAwMDAwMDAwMDAwLCJkZWxldGUiOjE4MDAwMDAwMDAwMDAsInJlYWQiOjMwMDAwMDAwMDAwMCwidXBkYXRlIjoxODAwMDAwMDAwMDAwfX0=",
          "dependencies": [
            "azurerm_public_ip.flask_public_ip",
            "azurerm_resource_group.rg",
            "azurerm_subnet.flask_subnet",
            "azurerm_virtual_network.vnet"
          ]
        }
      ]
    },
    {
      "mode": "managed",
      "type": "azurerm_network_interface",
      "name": "node_nic",
      "provider": "provider[\"registry.terraform.io/hashicorp/azurerm\"]",
      "instances": [
        {
          "schema_version": 0,
          "attributes": {
            "accelerated_networking_enabled": false,
            "applied_dns_servers": [],
            "auxiliary_mode": "",
            "auxiliary_sku": "",
            "dns_servers": [],
            "edge_zone": "",
            "id": "/subscriptions/c77c1ca7-0511-497c-84bd-2b785c7a7225/resourceGroups/analyser_rg/providers/Microsoft.Network/networkInterfaces/node-nic",
            "internal_dns_name_label": "",
            "internal_domain_name_suffix": "4bj0eaoiqrtuzpnf3ceic5c5ka.bx.internal.cloudapp.net",
            "ip_configuration": [
              {
                "gateway_load_balancer_frontend_ip_configuration_id": "",
                "name": "internal",
                "primary": true,
                "private_ip_address": "10.0.1.4",
                "private_ip_address_allocation": "Dynamic",
                "private_ip_address_version": "IPv4",
                "public_ip_address_id": "/subscriptions/c77c1ca7-0511-497c-84bd-2b785c7a7225/resourceGroups/analyser_rg/providers/Microsoft.Network/publicIPAddresses/node-public-ip",
                "subnet_id": "/subscriptions/c77c1ca7-0511-497c-84bd-2b785c7a7225/resourceGroups/analyser_rg/providers/Microsoft.Network/virtualNetworks/analyser_vnet/subnets/node_subnet"
              }
            ],
            "ip_forwarding_enabled": false,
            "location": "eastus",
            "mac_address": "",
            "name": "node-nic",
            "private_ip_address": "10.0.1.4",
            "private_ip_addresses": [
              "10.0.1.4"
            ],
            "resource_group_name": "analyser_rg",
            "tags": {},
            "timeouts": null,
            "virtual_machine_id": ""
          },
          "sensitive_attributes": [],
          "private": "eyJlMmJmYjczMC1lY2FhLTExZTYtOGY4OC0zNDM2M2JjN2M0YzAiOnsiY3JlYXRlIjoxODAwMDAwMDAwMDAwLCJkZWxldGUiOjE4MDAwMDAwMDAwMDAsInJlYWQiOjMwMDAwMDAwMDAwMCwidXBkYXRlIjoxODAwMDAwMDAwMDAwfX0=",
          "dependencies": [
            "azurerm_public_ip.node_public_ip",
            "azurerm_resource_group.rg",
            "azurerm_subnet.node_subnet",
            "azurerm_virtual_network.vnet"
          ]
        }
      ]
    },
    {
      "mode": "managed",
      "type": "azurerm_public_ip",
      "name": "flask_public_ip",
      "provider": "provider[\"registry.terraform.io/hashicorp/azurerm\"]",
      "instances": [
        {
          "schema_version": 0,
          "attributes": {
            "allocation_method": "Static",
            "ddos_protection_mode": "VirtualNetworkInherited",
            "ddos_protection_plan_id": null,
            "domain_name_label": null,
            "domain_name_label_scope": null,
            "edge_zone": "",
            "fqdn": null,
            "id": "/subscriptions/c77c1ca7-0511-497c-84bd-2b785c7a7225/resourceGroups/analyser_rg/providers/Microsoft.Network/publicIPAddresses/flask-public-ip",
            "idle_timeout_in_minutes": 4,
            "ip_address": "20.232.137.69",
            "ip_tags": {},
            "ip_version": "IPv4",
            "location": "eastus",
            "name": "flask-public-ip",
            "public_ip_prefix_id": null,
            "resource_group_name": "analyser_rg",
            "reverse_fqdn": null,
            "sku": "Standard",
            "sku_tier": "Regional",
            "tags": {},
            "timeouts": null,
            "zones": []
          },
          "sensitive_attributes": [],
          "private": "eyJlMmJmYjczMC1lY2FhLTExZTYtOGY4OC0zNDM2M2JjN2M0YzAiOnsiY3JlYXRlIjoxODAwMDAwMDAwMDAwLCJkZWxldGUiOjE4MDAwMDAwMDAwMDAsInJlYWQiOjMwMDAwMDAwMDAwMCwidXBkYXRlIjoxODAwMDAwMDAwMDAwfX0=",
          "dependencies": [
            "azurerm_resource_group.rg"
          ]
        }
      ]
    },
    {
      "mode": "managed",
      "type": "azurerm_public_ip",
      "name": "node_public_ip",
      "provider": "provider[\"registry.terraform.io/hashicorp/azurerm\"]",
      "instances": [
        {
          "schema_version": 0,
          "attributes": {
            "allocation_method": "Static",
            "ddos_protection_mode": "VirtualNetworkInherited",
            "ddos_protection_plan_id": null,
            "domain_name_label": null,
            "domain_name_label_scope": null,
            "edge_zone": "",
            "fqdn": null,
            "id": "/subscriptions/c77c1ca7-0511-497c-84bd-2b785c7a7225/resourceGroups/analyser_rg/providers/Microsoft.Network/publicIPAddresses/node-public-ip",
            "idle_timeout_in_minutes": 4,
            "ip_address": "52.149.151.150",
            "ip_tags": {},
            "ip_version": "IPv4",
            "location": "eastus",
            "name": "node-public-ip",
            "public_ip_prefix_id": null,
            "resource_group_name": "analyser_rg",
            "reverse_fqdn": null,
            "sku": "Standard",
            "sku_tier": "Regional",
            "tags": {},
            "timeouts": null,
            "zones": []
          },
          "sensitive_attributes": [],
          "private": "eyJlMmJmYjczMC1lY2FhLTExZTYtOGY4OC0zNDM2M2JjN2M0YzAiOnsiY3JlYXRlIjoxODAwMDAwMDAwMDAwLCJkZWxldGUiOjE4MDAwMDAwMDAwMDAsInJlYWQiOjMwMDAwMDAwMDAwMCwidXBkYXRlIjoxODAwMDAwMDAwMDAwfX0=",
          "dependencies": [
            "azurerm_resource_group.rg"
          ]
        }
      ]
    },
    {
      "mode": "managed",
      "type": "azurerm_resource_group",
      "name": "rg",
      "provider": "provider[\"registry.terraform.io/hashicorp/azurerm\"]",
      "instances": [
        {
          "schema_version": 0,
          "attributes": {
            "id": "/subscriptions/c77c1ca7-0511-497c-84bd-2b785c7a7225/resourceGroups/analyser_rg",
            "location": "eastus",
            "managed_by": "",
            "name": "analyser_rg",
            "tags": {},
            "timeouts": null
          },
          "sensitive_attributes": [],
          "private": "eyJlMmJmYjczMC1lY2FhLTExZTYtOGY4OC0zNDM2M2JjN2M0YzAiOnsiY3JlYXRlIjo1NDAwMDAwMDAwMDAwLCJkZWxldGUiOjU0MDAwMDAwMDAwMDAsInJlYWQiOjMwMDAwMDAwMDAwMCwidXBkYXRlIjo1NDAwMDAwMDAwMDAwfX0="
        }
      ]
    },
    {
      "mode": "managed",
      "type": "azurerm_subnet",
      "name": "flask_subnet",
      "provider": "provider[\"registry.terraform.io/hashicorp/azurerm\"]",
      "instances": [
        {
          "schema_version": 0,
          "attributes": {
            "address_prefixes": [
              "10.0.2.0/24"
            ],
            "default_outbound_access_enabled": true,
            "delegation": [],
            "id": "/subscriptions/c77c1ca7-0511-497c-84bd-2b785c7a7225/resourceGroups/analyser_rg/providers/Microsoft.Network/virtualNetworks/analyser_vnet/subnets/flask_subnet",
            "name": "flask_subnet",
            "private_endpoint_network_policies": "Disabled",
            "private_link_service_network_policies_enabled": true,
            "resource_group_name": "analyser_rg",
            "service_endpoint_policy_ids": [],
            "service_endpoints": [],
            "timeouts": null,
            "virtual_network_name": "analyser_vnet"
          },
          "sensitive_attributes": [],
          "private": "eyJlMmJmYjczMC1lY2FhLTExZTYtOGY4OC0zNDM2M2JjN2M0YzAiOnsiY3JlYXRlIjoxODAwMDAwMDAwMDAwLCJkZWxldGUiOjE4MDAwMDAwMDAwMDAsInJlYWQiOjMwMDAwMDAwMDAwMCwidXBkYXRlIjoxODAwMDAwMDAwMDAwfX0=",
          "dependencies": [
            "azurerm_resource_group.rg",
            "azurerm_virtual_network.vnet"
          ]
        }
      ]
    },
    {
      "mode": "managed",
      "type": "azurerm_subnet",
      "name": "node_subnet",
      "provider": "provider[\"registry.terraform.io/hashicorp/azurerm\"]",
      "instances": [
        {
          "schema_version": 0,
          "attributes": {
            "address_prefixes": [
              "10.0.1.0/24"
            ],
            "default_outbound_access_enabled": true,
            "delegation": [],
            "id": "/subscriptions/c77c1ca7-0511-497c-84bd-2b785c7a7225/resourceGroups/analyser_rg/providers/Microsoft.Network/virtualNetworks/analyser_vnet/subnets/node_subnet",
            "name": "node_subnet",
            "private_endpoint_network_policies": "Disabled",
            "private_link_service_network_policies_enabled": true,
            "resource_group_name": "analyser_rg",
            "service_endpoint_policy_ids": [],
            "service_endpoints": [],
            "timeouts": null,
            "virtual_network_name": "analyser_vnet"
          },
          "sensitive_attributes": [],
          "private": "eyJlMmJmYjczMC1lY2FhLTExZTYtOGY4OC0zNDM2M2JjN2M0YzAiOnsiY3JlYXRlIjoxODAwMDAwMDAwMDAwLCJkZWxldGUiOjE4MDAwMDAwMDAwMDAsInJlYWQiOjMwMDAwMDAwMDAwMCwidXBkYXRlIjoxODAwMDAwMDAwMDAwfX0=",
          "dependencies": [
            "azurerm_resource_group.rg",
            "azurerm_virtual_network.vnet"
          ]
        }
      ]
    },
    {
      "mode": "managed",
      "type": "azurerm_virtual_network",
      "name": "vnet",
      "provider": "provider[\"registry.terraform.io/hashicorp/azurerm\"]",
      "instances": [
        {
          "schema_version": 0,
          "attributes": {
            "address_space": [
              "10.0.0.0/16"
            ],
            "bgp_community": "",
            "ddos_protection_plan": [],
            "dns_servers": [],
            "edge_zone": "",
            "encryption": [],
            "flow_timeout_in_minutes": 0,
            "guid": "01a253f0-84c8-4c67-bda5-e888817c5f50",
            "id": "/subscriptions/c77c1ca7-0511-497c-84bd-2b785c7a7225/resourceGroups/analyser_rg/providers/Microsoft.Network/virtualNetworks/analyser_vnet",
            "location": "eastus",
            "name": "analyser_vnet",
            "private_endpoint_vnet_policies": "Disabled",
            "resource_group_name": "analyser_rg",
            "subnet": [
              {
                "address_prefixes": [
                  "10.0.1.0/24"
                ],
                "default_outbound_access_enabled": true,
                "delegation": [],
                "id": "/subscriptions/c77c1ca7-0511-497c-84bd-2b785c7a7225/resourceGroups/analyser_rg/providers/Microsoft.Network/virtualNetworks/analyser_vnet/subnets/node_subnet",
                "name": "node_subnet",
                "private_endpoint_network_policies": "Disabled",
                "private_link_service_network_policies_enabled": true,
                "route_table_id": "",
                "security_group": "/subscriptions/c77c1ca7-0511-497c-84bd-2b785c7a7225/resourceGroups/analyser_rg/providers/Microsoft.Network/networkSecurityGroups/node_subnet-nsg",
                "service_endpoint_policy_ids": [],
                "service_endpoints": []
              },
              {
                "address_prefixes": [
                  "10.0.2.0/24"
                ],
                "default_outbound_access_enabled": true,
                "delegation": [],
                "id": "/subscriptions/c77c1ca7-0511-497c-84bd-2b785c7a7225/resourceGroups/analyser_rg/providers/Microsoft.Network/virtualNetworks/analyser_vnet/subnets/flask_subnet",
                "name": "flask_subnet",
                "private_endpoint_network_policies": "Disabled",
                "private_link_service_network_policies_enabled": true,
                "route_table_id": "",
                "security_group": "/subscriptions/c77c1ca7-0511-497c-84bd-2b785c7a7225/resourceGroups/analyser_rg/providers/Microsoft.Network/networkSecurityGroups/flask_subnet-nsg",
                "service_endpoint_policy_ids": [],
                "service_endpoints": []
              }
            ],
            "tags": {},
            "timeouts": null
          },
          "sensitive_attributes": [],
          "private": "eyJlMmJmYjczMC1lY2FhLTExZTYtOGY4OC0zNDM2M2JjN2M0YzAiOnsiY3JlYXRlIjoxODAwMDAwMDAwMDAwLCJkZWxldGUiOjE4MDAwMDAwMDAwMDAsInJlYWQiOjMwMDAwMDAwMDAwMCwidXBkYXRlIjoxODAwMDAwMDAwMDAwfX0=",
          "dependencies": [
            "azurerm_resource_group.rg"
          ]
        }
      ]
    }
  ],
  "check_results": null
}
